// !$*UTF8*$!
{
	archiveVersion = 1;
	classes = {
	};
	objectVersion = 55;
	objects = {

/* Begin PBXBuildFile section */
		062E69B12893656400B2386D /* Courier Prime.ttf in Resources */ = {isa = PBXBuildFile; fileRef = 062E69AD2893656400B2386D /* Courier Prime.ttf */; };
		062E69B22893656400B2386D /* Courier Prime Bold Italic.ttf in Resources */ = {isa = PBXBuildFile; fileRef = 062E69AE2893656400B2386D /* Courier Prime Bold Italic.ttf */; };
		062E69B32893656400B2386D /* Courier Prime Bold.ttf in Resources */ = {isa = PBXBuildFile; fileRef = 062E69AF2893656400B2386D /* Courier Prime Bold.ttf */; };
		062E69B42893656400B2386D /* Courier Prime Italic.ttf in Resources */ = {isa = PBXBuildFile; fileRef = 062E69B02893656400B2386D /* Courier Prime Italic.ttf */; };
		062E69B628936CA600B2386D /* Inter-Medium.otf in Resources */ = {isa = PBXBuildFile; fileRef = 062E69B528936CA600B2386D /* Inter-Medium.otf */; };
		063CD69B2890F4E80096367B /* testApp.swift in Sources */ = {isa = PBXBuildFile; fileRef = 063CD69A2890F4E80096367B /* testApp.swift */; };
		063CD69D2890F4E80096367B /* ContentView.swift in Sources */ = {isa = PBXBuildFile; fileRef = 063CD69C2890F4E80096367B /* ContentView.swift */; };
		063CD69F2890F4E90096367B /* Assets.xcassets in Resources */ = {isa = PBXBuildFile; fileRef = 063CD69E2890F4E90096367B /* Assets.xcassets */; };
		063CD6A22890F4E90096367B /* Preview Assets.xcassets in Resources */ = {isa = PBXBuildFile; fileRef = 063CD6A12890F4E90096367B /* Preview Assets.xcassets */; };
		063CD6A42890F4E90096367B /* Persistence.swift in Sources */ = {isa = PBXBuildFile; fileRef = 063CD6A32890F4E90096367B /* Persistence.swift */; };
		063CD6A72890F4E90096367B /* test.xcdatamodeld in Sources */ = {isa = PBXBuildFile; fileRef = 063CD6A52890F4E90096367B /* test.xcdatamodeld */; };
		063CD6B52891651C0096367B /* NoteView.swift in Sources */ = {isa = PBXBuildFile; fileRef = 063CD6B42891651C0096367B /* NoteView.swift */; };
		063CD6B82891681E0096367B /* Item+CoreDataClass.swift in Sources */ = {isa = PBXBuildFile; fileRef = 063CD6B62891681E0096367B /* Item+CoreDataClass.swift */; };
		063CD6B92891681E0096367B /* Item+CoreDataProperties.swift in Sources */ = {isa = PBXBuildFile; fileRef = 063CD6B72891681E0096367B /* Item+CoreDataProperties.swift */; };
/* End PBXBuildFile section */

/* Begin PBXFileReference section */
		062E69AB289364D900B2386D /* Courier Prime.ttf */ = {isa = PBXFileReference; lastKnownFileType = file; name = "Courier Prime.ttf"; path = "../../../../../Downloads/Courier Prime/Courier Prime.ttf"; sourceTree = "<group>"; };
		062E69AD2893656400B2386D /* Courier Prime.ttf */ = {isa = PBXFileReference; lastKnownFileType = file; name = "Courier Prime.ttf"; path = "../../../../../Downloads/Courier Prime/Courier Prime.ttf"; sourceTree = "<group>"; };
		062E69AE2893656400B2386D /* Courier Prime Bold Italic.ttf */ = {isa = PBXFileReference; lastKnownFileType = file; name = "Courier Prime Bold Italic.ttf"; path = "../../../../../Downloads/Courier Prime/Courier Prime Bold Italic.ttf"; sourceTree = "<group>"; };
		062E69AF2893656400B2386D /* Courier Prime Bold.ttf */ = {isa = PBXFileReference; lastKnownFileType = file; name = "Courier Prime Bold.ttf"; path = "../../../../../Downloads/Courier Prime/Courier Prime Bold.ttf"; sourceTree = "<group>"; };
		062E69B02893656400B2386D /* Courier Prime Italic.ttf */ = {isa = PBXFileReference; lastKnownFileType = file; name = "Courier Prime Italic.ttf"; path = "../../../../../Downloads/Courier Prime/Courier Prime Italic.ttf"; sourceTree = "<group>"; };
		062E69B528936CA600B2386D /* Inter-Medium.otf */ = {isa = PBXFileReference; lastKnownFileType = file; name = "Inter-Medium.otf"; path = "../../../../../Downloads/Inter-3.19/Inter Desktop/Inter-Medium.otf"; sourceTree = "<group>"; };
		063CD6972890F4E80096367B /* CodiNotes.app */ = {isa = PBXFileReference; explicitFileType = wrapper.application; includeInIndex = 0; path = CodiNotes.app; sourceTree = BUILT_PRODUCTS_DIR; };
		063CD69A2890F4E80096367B /* testApp.swift */ = {isa = PBXFileReference; lastKnownFileType = sourcecode.swift; path = testApp.swift; sourceTree = "<group>"; };
		063CD69C2890F4E80096367B /* ContentView.swift */ = {isa = PBXFileReference; lastKnownFileType = sourcecode.swift; path = ContentView.swift; sourceTree = "<group>"; };
		063CD69E2890F4E90096367B /* Assets.xcassets */ = {isa = PBXFileReference; lastKnownFileType = folder.assetcatalog; path = Assets.xcassets; sourceTree = "<group>"; };
		063CD6A12890F4E90096367B /* Preview Assets.xcassets */ = {isa = PBXFileReference; lastKnownFileType = folder.assetcatalog; path = "Preview Assets.xcassets"; sourceTree = "<group>"; };
		063CD6A32890F4E90096367B /* Persistence.swift */ = {isa = PBXFileReference; lastKnownFileType = sourcecode.swift; path = Persistence.swift; sourceTree = "<group>"; };
		063CD6A62890F4E90096367B /* test.xcdatamodel */ = {isa = PBXFileReference; lastKnownFileType = wrapper.xcdatamodel; path = test.xcdatamodel; sourceTree = "<group>"; };
		063CD6A82890F4E90096367B /* test.entitlements */ = {isa = PBXFileReference; lastKnownFileType = text.plist.entitlements; path = test.entitlements; sourceTree = "<group>"; };
		063CD6B42891651C0096367B /* NoteView.swift */ = {isa = PBXFileReference; lastKnownFileType = sourcecode.swift; path = NoteView.swift; sourceTree = "<group>"; };
		063CD6B62891681E0096367B /* Item+CoreDataClass.swift */ = {isa = PBXFileReference; lastKnownFileType = sourcecode.swift; path = "Item+CoreDataClass.swift"; sourceTree = "<group>"; };
		063CD6B72891681E0096367B /* Item+CoreDataProperties.swift */ = {isa = PBXFileReference; lastKnownFileType = sourcecode.swift; path = "Item+CoreDataProperties.swift"; sourceTree = "<group>"; };
/* End PBXFileReference section */

/* Begin PBXFrameworksBuildPhase section */
		063CD6942890F4E80096367B /* Frameworks */ = {
			isa = PBXFrameworksBuildPhase;
			buildActionMask = 2147483647;
			files = (
			);
			runOnlyForDeploymentPostprocessing = 0;
		};
/* End PBXFrameworksBuildPhase section */

/* Begin PBXGroup section */
		062E69AC2893654B00B2386D /* Fonts */ = {
			isa = PBXGroup;
			children = (
				062E69B528936CA600B2386D /* Inter-Medium.otf */,
				062E69AE2893656400B2386D /* Courier Prime Bold Italic.ttf */,
				062E69AF2893656400B2386D /* Courier Prime Bold.ttf */,
				062E69B02893656400B2386D /* Courier Prime Italic.ttf */,
				062E69AD2893656400B2386D /* Courier Prime.ttf */,
			);
			path = Fonts;
			sourceTree = "<group>";
		};
		063CD68E2890F4E80096367B = {
			isa = PBXGroup;
			children = (
				063CD6992890F4E80096367B /* test */,
				063CD6982890F4E80096367B /* Products */,
			);
			sourceTree = "<group>";
		};
		063CD6982890F4E80096367B /* Products */ = {
			isa = PBXGroup;
			children = (
				063CD6972890F4E80096367B /* CodiNotes.app */,
			);
			name = Products;
			sourceTree = "<group>";
		};
		063CD6992890F4E80096367B /* test */ = {
			isa = PBXGroup;
			children = (
				063CD6B62891681E0096367B /* Item+CoreDataClass.swift */,
				063CD6B72891681E0096367B /* Item+CoreDataProperties.swift */,
				063CD69A2890F4E80096367B /* testApp.swift */,
				063CD69C2890F4E80096367B /* ContentView.swift */,
				063CD6B42891651C0096367B /* NoteView.swift */,
				063CD69E2890F4E90096367B /* Assets.xcassets */,
				063CD6A32890F4E90096367B /* Persistence.swift */,
				062E69AC2893654B00B2386D /* Fonts */,
				063CD6A82890F4E90096367B /* test.entitlements */,
				063CD6A52890F4E90096367B /* test.xcdatamodeld */,
				063CD6A02890F4E90096367B /* Preview Content */,
			);
			path = test;
			sourceTree = "<group>";
		};
		063CD6A02890F4E90096367B /* Preview Content */ = {
			isa = PBXGroup;
			children = (
				062E69AB289364D900B2386D /* Courier Prime.ttf */,
				063CD6A12890F4E90096367B /* Preview Assets.xcassets */,
			);
			path = "Preview Content";
			sourceTree = "<group>";
		};
/* End PBXGroup section */

/* Begin PBXNativeTarget section */
		063CD6962890F4E80096367B /* CodiNotes */ = {
			isa = PBXNativeTarget;
			buildConfigurationList = 063CD6AB2890F4E90096367B /* Build configuration list for PBXNativeTarget "CodiNotes" */;
			buildPhases = (
				063CD6932890F4E80096367B /* Sources */,
				063CD6942890F4E80096367B /* Frameworks */,
				063CD6952890F4E80096367B /* Resources */,
			);
			buildRules = (
			);
			dependencies = (
			);
			name = CodiNotes;
			packageProductDependencies = (
			);
			productName = test;
			productReference = 063CD6972890F4E80096367B /* CodiNotes.app */;
			productType = "com.apple.product-type.application";
		};
/* End PBXNativeTarget section */

/* Begin PBXProject section */
		063CD68F2890F4E80096367B /* Project object */ = {
			isa = PBXProject;
			attributes = {
				BuildIndependentTargetsInParallel = 1;
				LastSwiftUpdateCheck = 1340;
				LastUpgradeCheck = 1340;
				TargetAttributes = {
					063CD6962890F4E80096367B = {
						CreatedOnToolsVersion = 13.4.1;
					};
				};
			};
			buildConfigurationList = 063CD6922890F4E80096367B /* Build configuration list for PBXProject "CodiNotes" */;
			compatibilityVersion = "Xcode 13.0";
			developmentRegion = en;
			hasScannedForEncodings = 0;
			knownRegions = (
				en,
				Base,
			);
			mainGroup = 063CD68E2890F4E80096367B;
			packageReferences = (
			);
			productRefGroup = 063CD6982890F4E80096367B /* Products */;
			projectDirPath = "";
			projectRoot = "";
			targets = (
				063CD6962890F4E80096367B /* CodiNotes */,
			);
		};
/* End PBXProject section */

/* Begin PBXResourcesBuildPhase section */
		063CD6952890F4E80096367B /* Resources */ = {
			isa = PBXResourcesBuildPhase;
			buildActionMask = 2147483647;
			files = (
				062E69B628936CA600B2386D /* Inter-Medium.otf in Resources */,
				062E69B32893656400B2386D /* Courier Prime Bold.ttf in Resources */,
				062E69B12893656400B2386D /* Courier Prime.ttf in Resources */,
				063CD6A22890F4E90096367B /* Preview Assets.xcassets in Resources */,
				062E69B22893656400B2386D /* Courier Prime Bold Italic.ttf in Resources */,
				062E69B42893656400B2386D /* Courier Prime Italic.ttf in Resources */,
				063CD69F2890F4E90096367B /* Assets.xcassets in Resources */,
			);
			runOnlyForDeploymentPostprocessing = 0;
		};
/* End PBXResourcesBuildPhase section */

/* Begin PBXSourcesBuildPhase section */
		063CD6932890F4E80096367B /* Sources */ = {
			isa = PBXSourcesBuildPhase;
			buildActionMask = 2147483647;
			files = (
				063CD6A42890F4E90096367B /* Persistence.swift in Sources */,
				063CD6B92891681E0096367B /* Item+CoreDataProperties.swift in Sources */,
				063CD6B52891651C0096367B /* NoteView.swift in Sources */,
				063CD6A72890F4E90096367B /* test.xcdatamodeld in Sources */,
				063CD69D2890F4E80096367B /* ContentView.swift in Sources */,
				063CD69B2890F4E80096367B /* testApp.swift in Sources */,
				063CD6B82891681E0096367B /* Item+CoreDataClass.swift in Sources */,
			);
			runOnlyForDeploymentPostprocessing = 0;
		};
/* End PBXSourcesBuildPhase section */

/* Begin XCBuildConfiguration section */
		063CD6A92890F4E90096367B /* Debug */ = {
			isa = XCBuildConfiguration;
			buildSettings = {
				ALWAYS_SEARCH_USER_PATHS = NO;
				CLANG_ANALYZER_NONNULL = YES;
				CLANG_ANALYZER_NUMBER_OBJECT_CONVERSION = YES_AGGRESSIVE;
				CLANG_CXX_LANGUAGE_STANDARD = "gnu++17";
				CLANG_ENABLE_MODULES = YES;
				CLANG_ENABLE_OBJC_ARC = YES;
				CLANG_ENABLE_OBJC_WEAK = YES;
				CLANG_WARN_BLOCK_CAPTURE_AUTORELEASING = YES;
				CLANG_WARN_BOOL_CONVERSION = YES;
				CLANG_WARN_COMMA = YES;
				CLANG_WARN_CONSTANT_CONVERSION = YES;
				CLANG_WARN_DEPRECATED_OBJC_IMPLEMENTATIONS = YES;
				CLANG_WARN_DIRECT_OBJC_ISA_USAGE = YES_ERROR;
				CLANG_WARN_DOCUMENTATION_COMMENTS = YES;
				CLANG_WARN_EMPTY_BODY = YES;
				CLANG_WARN_ENUM_CONVERSION = YES;
				CLANG_WARN_INFINITE_RECURSION = YES;
				CLANG_WARN_INT_CONVERSION = YES;
				CLANG_WARN_NON_LITERAL_NULL_CONVERSION = YES;
				CLANG_WARN_OBJC_IMPLICIT_RETAIN_SELF = YES;
				CLANG_WARN_OBJC_LITERAL_CONVERSION = YES;
				CLANG_WARN_OBJC_ROOT_CLASS = YES_ERROR;
				CLANG_WARN_QUOTED_INCLUDE_IN_FRAMEWORK_HEADER = YES;
				CLANG_WARN_RANGE_LOOP_ANALYSIS = YES;
				CLANG_WARN_STRICT_PROTOTYPES = YES;
				CLANG_WARN_SUSPICIOUS_MOVE = YES;
				CLANG_WARN_UNGUARDED_AVAILABILITY = YES_AGGRESSIVE;
				CLANG_WARN_UNREACHABLE_CODE = YES;
				CLANG_WARN__DUPLICATE_METHOD_MATCH = YES;
				COPY_PHASE_STRIP = NO;
				DEBUG_INFORMATION_FORMAT = dwarf;
				ENABLE_STRICT_OBJC_MSGSEND = YES;
				ENABLE_TESTABILITY = YES;
				GCC_C_LANGUAGE_STANDARD = gnu11;
				GCC_DYNAMIC_NO_PIC = NO;
				GCC_NO_COMMON_BLOCKS = YES;
				GCC_OPTIMIZATION_LEVEL = 0;
				GCC_PREPROCESSOR_DEFINITIONS = (
					"DEBUG=1",
					"$(inherited)",
				);
				GCC_WARN_64_TO_32_BIT_CONVERSION = YES;
				GCC_WARN_ABOUT_RETURN_TYPE = YES_ERROR;
				GCC_WARN_UNDECLARED_SELECTOR = YES;
				GCC_WARN_UNINITIALIZED_AUTOS = YES_AGGRESSIVE;
				GCC_WARN_UNUSED_FUNCTION = YES;
				GCC_WARN_UNUSED_VARIABLE = YES;
				MACOSX_DEPLOYMENT_TARGET = 12.3;
				MTL_ENABLE_DEBUG_INFO = INCLUDE_SOURCE;
				MTL_FAST_MATH = YES;
				ONLY_ACTIVE_ARCH = YES;
				SDKROOT = macosx;
				SWIFT_ACTIVE_COMPILATION_CONDITIONS = DEBUG;
				SWIFT_OPTIMIZATION_LEVEL = "-Onone";
			};
			name = Debug;
		};
		063CD6AA2890F4E90096367B /* Release */ = {
			isa = XCBuildConfiguration;
			buildSettings = {
				ALWAYS_SEARCH_USER_PATHS = NO;
				CLANG_ANALYZER_NONNULL = YES;
				CLANG_ANALYZER_NUMBER_OBJECT_CONVERSION = YES_AGGRESSIVE;
				CLANG_CXX_LANGUAGE_STANDARD = "gnu++17";
				CLANG_ENABLE_MODULES = YES;
				CLANG_ENABLE_OBJC_ARC = YES;
				CLANG_ENABLE_OBJC_WEAK = YES;
				CLANG_WARN_BLOCK_CAPTURE_AUTORELEASING = YES;
				CLANG_WARN_BOOL_CONVERSION = YES;
				CLANG_WARN_COMMA = YES;
				CLANG_WARN_CONSTANT_CONVERSION = YES;
				CLANG_WARN_DEPRECATED_OBJC_IMPLEMENTATIONS = YES;
				CLANG_WARN_DIRECT_OBJC_ISA_USAGE = YES_ERROR;
				CLANG_WARN_DOCUMENTATION_COMMENTS = YES;
				CLANG_WARN_EMPTY_BODY = YES;
				CLANG_WARN_ENUM_CONVERSION = YES;
				CLANG_WARN_INFINITE_RECURSION = YES;
				CLANG_WARN_INT_CONVERSION = YES;
				CLANG_WARN_NON_LITERAL_NULL_CONVERSION = YES;
				CLANG_WARN_OBJC_IMPLICIT_RETAIN_SELF = YES;
				CLANG_WARN_OBJC_LITERAL_CONVERSION = YES;
				CLANG_WARN_OBJC_ROOT_CLASS = YES_ERROR;
				CLANG_WARN_QUOTED_INCLUDE_IN_FRAMEWORK_HEADER = YES;
				CLANG_WARN_RANGE_LOOP_ANALYSIS = YES;
				CLANG_WARN_STRICT_PROTOTYPES = YES;
				CLANG_WARN_SUSPICIOUS_MOVE = YES;
				CLANG_WARN_UNGUARDED_AVAILABILITY = YES_AGGRESSIVE;
				CLANG_WARN_UNREACHABLE_CODE = YES;
				CLANG_WARN__DUPLICATE_METHOD_MATCH = YES;
				COPY_PHASE_STRIP = NO;
				DEBUG_INFORMATION_FORMAT = "dwarf-with-dsym";
				ENABLE_NS_ASSERTIONS = NO;
				ENABLE_STRICT_OBJC_MSGSEND = YES;
				GCC_C_LANGUAGE_STANDARD = gnu11;
				GCC_NO_COMMON_BLOCKS = YES;
				GCC_WARN_64_TO_32_BIT_CONVERSION = YES;
				GCC_WARN_ABOUT_RETURN_TYPE = YES_ERROR;
				GCC_WARN_UNDECLARED_SELECTOR = YES;
				GCC_WARN_UNINITIALIZED_AUTOS = YES_AGGRESSIVE;
				GCC_WARN_UNUSED_FUNCTION = YES;
				GCC_WARN_UNUSED_VARIABLE = YES;
				MACOSX_DEPLOYMENT_TARGET = 12.3;
				MTL_ENABLE_DEBUG_INFO = NO;
				MTL_FAST_MATH = YES;
				SDKROOT = macosx;
				SWIFT_COMPILATION_MODE = wholemodule;
				SWIFT_OPTIMIZATION_LEVEL = "-O";
			};
			name = Release;
		};
		063CD6AC2890F4E90096367B /* Debug */ = {
			isa = XCBuildConfiguration;
			buildSettings = {
				ASSETCATALOG_COMPILER_APPICON_NAME = AppIcon;
				ASSETCATALOG_COMPILER_GLOBAL_ACCENT_COLOR_NAME = AccentColor;
				ASSETCATALOG_COMPILER_INCLUDE_ALL_APPICON_ASSETS = YES;
				CODE_SIGN_ENTITLEMENTS = test/test.entitlements;
				CODE_SIGN_STYLE = Automatic;
				COMBINE_HIDPI_IMAGES = YES;
				CURRENT_PROJECT_VERSION = 1;
				DEVELOPMENT_ASSET_PATHS = "\"test/Preview Content\"";
				DEVELOPMENT_TEAM = N237VRLL4H;
				ENABLE_HARDENED_RUNTIME = YES;
				ENABLE_PREVIEWS = YES;
				GENERATE_INFOPLIST_FILE = YES;
				INFOPLIST_KEY_NSHumanReadableCopyright = "";
				LD_RUNPATH_SEARCH_PATHS = (
					"$(inherited)",
					"@executable_path/../Frameworks",
				);
				MARKETING_VERSION = 1.0;
				PRODUCT_BUNDLE_IDENTIFIER = com.shaqi.test;
				PRODUCT_NAME = "$(TARGET_NAME)";
				SWIFT_EMIT_LOC_STRINGS = YES;
				SWIFT_VERSION = 5.0;
			};
			name = Debug;
		};
		063CD6AD2890F4E90096367B /* Release */ = {
			isa = XCBuildConfiguration;
			buildSettings = {
				ASSETCATALOG_COMPILER_APPICON_NAME = AppIcon;
				ASSETCATALOG_COMPILER_GLOBAL_ACCENT_COLOR_NAME = AccentColor;
				ASSETCATALOG_COMPILER_INCLUDE_ALL_APPICON_ASSETS = YES;
				CODE_SIGN_ENTITLEMENTS = test/test.entitlements;
				CODE_SIGN_STYLE = Automatic;
				COMBINE_HIDPI_IMAGES = YES;
				CURRENT_PROJECT_VERSION = 1;
				DEVELOPMENT_ASSET_PATHS = "\"test/Preview Content\"";
				DEVELOPMENT_TEAM = N237VRLL4H;
				ENABLE_HARDENED_RUNTIME = YES;
				ENABLE_PREVIEWS = YES;
				GENERATE_INFOPLIST_FILE = YES;
				INFOPLIST_KEY_NSHumanReadableCopyright = "";
				LD_RUNPATH_SEARCH_PATHS = (
					"$(inherited)",
					"@executable_path/../Frameworks",
				);
				MARKETING_VERSION = 1.0;
				PRODUCT_BUNDLE_IDENTIFIER = com.shaqi.test;
				PRODUCT_NAME = "$(TARGET_NAME)";
				SWIFT_EMIT_LOC_STRINGS = YES;
				SWIFT_VERSION = 5.0;
			};
			name = Release;
		};
/* End XCBuildConfiguration section */

/* Begin XCConfigurationList section */
		063CD6922890F4E80096367B /* Build configuration list for PBXProject "CodiNotes" */ = {
			isa = XCConfigurationList;
			buildConfigurations = (
				063CD6A92890F4E90096367B /* Debug */,
				063CD6AA2890F4E90096367B /* Release */,
			);
			defaultConfigurationIsVisible = 0;
			defaultConfigurationName = Release;
		};
		063CD6AB2890F4E90096367B /* Build configuration list for PBXNativeTarget "CodiNotes" */ = {
			isa = XCConfigurationList;
			buildConfigurations = (
				063CD6AC2890F4E90096367B /* Debug */,
				063CD6AD2890F4E90096367B /* Release */,
			);
			defaultConfigurationIsVisible = 0;
			defaultConfigurationName = Release;
		};
/* End XCConfigurationList section */

/* Begin XCVersionGroup section */
		063CD6A52890F4E90096367B /* test.xcdatamodeld */ = {
			isa = XCVersionGroup;
			children = (
				063CD6A62890F4E90096367B /* test.xcdatamodel */,
			);
			currentVersion = 063CD6A62890F4E90096367B /* test.xcdatamodel */;
			path = test.xcdatamodeld;
			sourceTree = "<group>";
			versionGroupType = wrapper.xcdatamodel;
		};
/* End XCVersionGroup section */
	};
	rootObject = 063CD68F2890F4E80096367B /* Project object */;
}
